
Microsoft Visual Studio Solution File, Format Version 12.00
# Visual Studio Version 16
VisualStudioVersion = 16.0.29519.181
MinimumVisualStudioVersion = 10.0.40219.1
Project("{FAE04EC0-301F-11D3-BF4B-00C04F79EFBC}") = "DockerTest", "DockerTest\DockerTest.csproj", "{DBA08373-3182-47EA-AFA1-003BD16C8D03}"
EndProject
Global
	GlobalSection(SolutionConfigurationPlatforms) = preSolution
		Debug|Any CPU = Debug|Any CPU
		Release|Any CPU = Release|Any CPU
	EndGlobalSection
	GlobalSection(ProjectConfigurationPlatforms) = postSolution
		{DBA08373-3182-47EA-AFA1-003BD16C8D03}.Debug|Any CPU.ActiveCfg = Debug|Any CPU
		{DBA08373-3182-47EA-AFA1-003BD16C8D03}.Debug|Any CPU.Build.0 = Debug|Any CPU
		{DBA08373-3182-47EA-AFA1-003BD16C8D03}.Release|Any CPU.ActiveCfg = Release|Any CPU
		{DBA08373-3182-47EA-AFA1-003BD16C8D03}.Release|Any CPU.Build.0 = Release|Any CPU
	EndGlobalSection
	GlobalSection(SolutionProperties) = preSolution
		HideSolutionNode = FALSE
	EndGlobalSection
	GlobalSection(ExtensibilityGlobals) = postSolution
		SolutionGuid = {53BF868C-A385-4420-B1A7-C1301AEDF184}
	EndGlobalSection
EndGlobal
